
Microsoft Visual Studio Solution File, Format Version 12.00
# Visual Studio 15
VisualStudioVersion = 15.0.27703.2000
MinimumVisualStudioVersion = 10.0.40219.1
Project("{9A19103F-16F7-4668-BE54-9A1E7A4F7556}") = "DanfossTest", "DanfossTest.csproj", "{E6D580CC-9BE0-4414-B52C-D9A1F0393D0A}"
EndProject
Global
	GlobalSection(SolutionConfigurationPlatforms) = preSolution
		Debug|Any CPU = Debug|Any CPU
		Release|Any CPU = Release|Any CPU
	EndGlobalSection
	GlobalSection(ProjectConfigurationPlatforms) = postSolution
		{E6D580CC-9BE0-4414-B52C-D9A1F0393D0A}.Debug|Any CPU.ActiveCfg = Debug|Any CPU
		{E6D580CC-9BE0-4414-B52C-D9A1F0393D0A}.Debug|Any CPU.Build.0 = Debug|Any CPU
		{E6D580CC-9BE0-4414-B52C-D9A1F0393D0A}.Release|Any CPU.ActiveCfg = Release|Any CPU
		{E6D580CC-9BE0-4414-B52C-D9A1F0393D0A}.Release|Any CPU.Build.0 = Release|Any CPU
	EndGlobalSection
	GlobalSection(SolutionProperties) = preSolution
		HideSolutionNode = FALSE
	EndGlobalSection
	GlobalSection(ExtensibilityGlobals) = postSolution
		SolutionGuid = {7ABFC701-74B2-4E63-A6BC-A327854B345C}
	EndGlobalSection
EndGlobal
